{
  "name": "umbra",
  "version": "0.1.0",
  "lockfileVersion": 1,
  "requires": true,
  "dependencies": {
    "@ethersproject/abi": {
      "version": "5.0.0-beta.152",
      "resolved": "https://registry.npmjs.org/@ethersproject/abi/-/abi-5.0.0-beta.152.tgz",
      "integrity": "sha512-+1+ukofyBYNJo8IdIK8lBENkEycgXW1ny1zWT7oYD8GKvczYYrgucRQnJPgt3u9MJYZdje4yxDQFoGd6d4BpRA==",
      "requires": {
        "@ethersproject/address": ">=5.0.0-beta.128",
        "@ethersproject/bignumber": ">=5.0.0-beta.130",
        "@ethersproject/bytes": ">=5.0.0-beta.129",
        "@ethersproject/constants": ">=5.0.0-beta.128",
        "@ethersproject/hash": ">=5.0.0-beta.128",
        "@ethersproject/keccak256": ">=5.0.0-beta.127",
        "@ethersproject/logger": ">=5.0.0-beta.129",
        "@ethersproject/properties": ">=5.0.0-beta.131",
        "@ethersproject/strings": ">=5.0.0-beta.130"
      }
    },
    "@ethersproject/abstract-provider": {
      "version": "5.0.0-beta.139",
      "resolved": "https://registry.npmjs.org/@ethersproject/abstract-provider/-/abstract-provider-5.0.0-beta.139.tgz",
      "integrity": "sha512-cK/7qj0bIG3Dd7xD9q+6ztXr+WXw/i2MglFLC3GadhjFr5YhdcD1rPkD5nU7H0o2BoL/jkvLJL6FYOZyCDS0Nw==",
      "requires": {
        "@ethersproject/bignumber": ">=5.0.0-beta.130",
        "@ethersproject/bytes": ">=5.0.0-beta.129",
        "@ethersproject/logger": ">=5.0.0-beta.129",
        "@ethersproject/networks": ">=5.0.0-beta.129",
        "@ethersproject/properties": ">=5.0.0-beta.131",
        "@ethersproject/transactions": ">=5.0.0-beta.128",
        "@ethersproject/web": ">=5.0.0-beta.129"
      }
    },
    "@ethersproject/abstract-signer": {
      "version": "5.0.0-beta.141",
      "resolved": "https://registry.npmjs.org/@ethersproject/abstract-signer/-/abstract-signer-5.0.0-beta.141.tgz",
      "integrity": "sha512-94ldEV+H2BI00lBEWKf0HlX7IrbMcPPFYbSnj2f1/cqB2y8RNttEe0gR39ALrCUeqY+ceLnKxIz2tOY9sllMFw==",
      "requires": {
        "@ethersproject/abstract-provider": ">=5.0.0-beta.131",
        "@ethersproject/bignumber": ">=5.0.0-beta.130",
        "@ethersproject/bytes": ">=5.0.0-beta.129",
        "@ethersproject/logger": ">=5.0.0-beta.129",
        "@ethersproject/properties": ">=5.0.0-beta.131"
      }
    },
    "@ethersproject/address": {
      "version": "5.0.0-beta.134",
      "resolved": "https://registry.npmjs.org/@ethersproject/address/-/address-5.0.0-beta.134.tgz",
      "integrity": "sha512-FHhUVJTUIg2pXvOOhIt8sB1cQbcwrzZKzf9CPV7JM1auli20nGoYhyMFYGK7u++GXzTMJduIkU1OwlIBupewDw==",
      "requires": {
        "@ethersproject/bignumber": ">=5.0.0-beta.130",
        "@ethersproject/bytes": ">=5.0.0-beta.129",
        "@ethersproject/keccak256": ">=5.0.0-beta.127",
        "@ethersproject/logger": ">=5.0.0-beta.129",
        "@ethersproject/rlp": ">=5.0.0-beta.126",
        "bn.js": "^4.4.0"
      }
    },
    "@ethersproject/base64": {
      "version": "5.0.0-beta.133",
      "resolved": "https://registry.npmjs.org/@ethersproject/base64/-/base64-5.0.0-beta.133.tgz",
      "integrity": "sha512-y9aveGc/WQQuRwQ/uAQDmoZ3ybDzTcUvQ1fgQeO9m+H0A/YBGW+Rkm04NcM3xoul3BP8jpulRKcUIUvVwERdbw==",
      "requires": {
        "@ethersproject/bytes": ">=5.0.0-beta.129"
      }
    },
    "@ethersproject/basex": {
      "version": "5.0.0-beta.132",
      "resolved": "https://registry.npmjs.org/@ethersproject/basex/-/basex-5.0.0-beta.132.tgz",
      "integrity": "sha512-BlTGjIW5O03Tl3cVrBWPYnSnhEdz7h3sAely82xDZPutUw9PyPy/PF7IN19iVNgv5ZKQlaDmQZ6M2OGzVOuIPw==",
      "requires": {
        "@ethersproject/bytes": ">=5.0.0-beta.129",
        "@ethersproject/properties": ">=5.0.0-beta.131"
      }
    },
    "@ethersproject/bignumber": {
      "version": "5.0.0-beta.138",
      "resolved": "https://registry.npmjs.org/@ethersproject/bignumber/-/bignumber-5.0.0-beta.138.tgz",
      "integrity": "sha512-DTlOEJw6jAFz7/qkY8p4mPGGHVwgYUUC5rk1Pbg2/gR/gHPFDim+uBY+XGavh0QSWd1i3hXKafVPre92j4fs5g==",
      "requires": {
        "@ethersproject/bytes": ">=5.0.0-beta.129",
        "@ethersproject/logger": ">=5.0.0-beta.129",
        "@ethersproject/properties": ">=5.0.0-beta.131",
        "bn.js": "^4.4.0"
      }
    },
    "@ethersproject/bytes": {
      "version": "5.0.0-beta.137",
      "resolved": "https://registry.npmjs.org/@ethersproject/bytes/-/bytes-5.0.0-beta.137.tgz",
      "integrity": "sha512-uBwchZzGP912Wcani6vM7RLtsnN69Uc9WTLvewsniKrpHpSx0/k33WUcQVosmkwPgUtqflKyGjcIqaea1Z9WHw==",
      "requires": {
        "@ethersproject/logger": ">=5.0.0-beta.129"
      }
    },
    "@ethersproject/constants": {
      "version": "5.0.0-beta.133",
      "resolved": "https://registry.npmjs.org/@ethersproject/constants/-/constants-5.0.0-beta.133.tgz",
      "integrity": "sha512-VCTpk3AF00mlWQw1vg+fI6qCo0qO5EVWK574t4HNBKW6X748jc9UJPryKUz9JgZ64ZQupyLM92wHilsG/YTpNQ==",
      "requires": {
        "@ethersproject/bignumber": ">=5.0.0-beta.130"
      }
    },
    "@ethersproject/contracts": {
      "version": "5.0.0-beta.150",
      "resolved": "https://registry.npmjs.org/@ethersproject/contracts/-/contracts-5.0.0-beta.150.tgz",
      "integrity": "sha512-ODHv8o3dJPXo2vTtQ1dmla6KhykTtYlgQxwgyyYXt/r2PhMVyFQsljVYkJRUuHgC17WYBopmWGeVeYAxNeOhtQ==",
      "requires": {
        "@ethersproject/abi": ">=5.0.0-beta.137",
        "@ethersproject/abstract-provider": ">=5.0.0-beta.131",
        "@ethersproject/abstract-signer": ">=5.0.0-beta.132",
        "@ethersproject/address": ">=5.0.0-beta.128",
        "@ethersproject/bignumber": ">=5.0.0-beta.130",
        "@ethersproject/bytes": ">=5.0.0-beta.129",
        "@ethersproject/constants": ">=5.0.0-beta.128",
        "@ethersproject/logger": ">=5.0.0-beta.129",
        "@ethersproject/properties": ">=5.0.0-beta.131",
        "@ethersproject/transactions": ">=5.0.0-beta.128"
      }
    },
    "@ethersproject/hash": {
      "version": "5.0.0-beta.133",
      "resolved": "https://registry.npmjs.org/@ethersproject/hash/-/hash-5.0.0-beta.133.tgz",
      "integrity": "sha512-tfF11QxFlJCy92rMtUZ0kImchWhlYXkN5Gj5cYfTcCdWEUKwNq1LljDnlrjV2JabO6s5enb8uiUj4RBTo2+Rgw==",
      "requires": {
        "@ethersproject/bytes": ">=5.0.0-beta.129",
        "@ethersproject/keccak256": ">=5.0.0-beta.127",
        "@ethersproject/logger": ">=5.0.0-beta.129",
        "@ethersproject/strings": ">=5.0.0-beta.130"
      }
    },
    "@ethersproject/hdnode": {
      "version": "5.0.0-beta.139",
      "resolved": "https://registry.npmjs.org/@ethersproject/hdnode/-/hdnode-5.0.0-beta.139.tgz",
      "integrity": "sha512-VOg9bZDNO1OC5Ryph3iNof1i4Te5b3thiEyGqOIQaN2esfGWkt6nUvHRy5na6knjyBY68zVr7yj39LdX5rsOPA==",
      "requires": {
        "@ethersproject/abstract-signer": ">=5.0.0-beta.132",
        "@ethersproject/basex": ">=5.0.0-beta.127",
        "@ethersproject/bignumber": ">=5.0.0-beta.130",
        "@ethersproject/bytes": ">=5.0.0-beta.129",
        "@ethersproject/logger": ">=5.0.0-beta.129",
        "@ethersproject/pbkdf2": ">=5.0.0-beta.127",
        "@ethersproject/properties": ">=5.0.0-beta.131",
        "@ethersproject/sha2": ">=5.0.0-beta.129",
        "@ethersproject/signing-key": ">=5.0.0-beta.129",
        "@ethersproject/strings": ">=5.0.0-beta.130",
        "@ethersproject/transactions": ">=5.0.0-beta.128",
        "@ethersproject/wordlists": ">=5.0.0-beta.128"
      }
    },
    "@ethersproject/json-wallets": {
      "version": "5.0.0-beta.138",
      "resolved": "https://registry.npmjs.org/@ethersproject/json-wallets/-/json-wallets-5.0.0-beta.138.tgz",
      "integrity": "sha512-cyJ8WX5/hYduA0I8SWujY+usO9DV1mmpmEfLrkd8JWecdByMhWTXZfgsJY92u98AoKyGm8vjAIVuLcA++Xuffg==",
      "requires": {
        "@ethersproject/abstract-signer": ">=5.0.0-beta.132",
        "@ethersproject/address": ">=5.0.0-beta.128",
        "@ethersproject/bytes": ">=5.0.0-beta.129",
        "@ethersproject/hdnode": ">=5.0.0-beta.130",
        "@ethersproject/keccak256": ">=5.0.0-beta.127",
        "@ethersproject/logger": ">=5.0.0-beta.129",
        "@ethersproject/pbkdf2": ">=5.0.0-beta.127",
        "@ethersproject/properties": ">=5.0.0-beta.131",
        "@ethersproject/random": ">=5.0.0-beta.128",
        "@ethersproject/strings": ">=5.0.0-beta.130",
        "@ethersproject/transactions": ">=5.0.0-beta.128",
        "aes-js": "3.0.0",
        "scrypt-js": "3.0.0",
        "uuid": "2.0.1"
      }
    },
    "@ethersproject/keccak256": {
      "version": "5.0.0-beta.131",
      "resolved": "https://registry.npmjs.org/@ethersproject/keccak256/-/keccak256-5.0.0-beta.131.tgz",
      "integrity": "sha512-KQnqMwGV0IMOjAr/UTFO8DuLrmN1uaMvcV3zh9hiXhh3rCuY+WXdeUh49w1VQ94kBKmaP0qfGb7z4SdhUWUHjw==",
      "requires": {
        "@ethersproject/bytes": ">=5.0.0-beta.129",
        "js-sha3": "0.5.7"
      },
      "dependencies": {
        "js-sha3": {
          "version": "0.5.7",
          "resolved": "https://registry.npmjs.org/js-sha3/-/js-sha3-0.5.7.tgz",
          "integrity": "sha1-DU/9gALVMzqrr0oj7tL2N0yfKOc="
        }
      }
    },
    "@ethersproject/logger": {
      "version": "5.0.0-beta.137",
      "resolved": "https://registry.npmjs.org/@ethersproject/logger/-/logger-5.0.0-beta.137.tgz",
      "integrity": "sha512-H36iMhWOY+tco1+o2NZUdQT8Gc6Y9795RSPgvluatvjvyt3X6mHtWXes4F8Rc5N/95px++a/ODYVSkSmlr68+A=="
    },
    "@ethersproject/networks": {
      "version": "5.0.0-beta.136",
      "resolved": "https://registry.npmjs.org/@ethersproject/networks/-/networks-5.0.0-beta.136.tgz",
      "integrity": "sha512-skMDix0LVOhpfCItbg6Z1fXLK6vAtUkzAKaslDxVczEPUvjQ0kiJ5ceurmL+ROOO1owURGxUac5BrIarbO7Zgw==",
      "requires": {
        "@ethersproject/logger": ">=5.0.0-beta.129"
      }
    },
    "@ethersproject/pbkdf2": {
      "version": "5.0.0-beta.135",
      "resolved": "https://registry.npmjs.org/@ethersproject/pbkdf2/-/pbkdf2-5.0.0-beta.135.tgz",
      "integrity": "sha512-j5bMqkEPwd7NcbF1Z4FI5rNZvydEKWx4EcxJd0vMN/DLSk0wilCVRcFuuz5w+sSc6sERbkNpD7AQh8a5whZsvQ==",
      "requires": {
        "@ethersproject/bytes": ">=5.0.0-beta.129",
        "@ethersproject/sha2": ">=5.0.0-beta.129"
      }
    },
    "@ethersproject/properties": {
      "version": "5.0.0-beta.139",
      "resolved": "https://registry.npmjs.org/@ethersproject/properties/-/properties-5.0.0-beta.139.tgz",
      "integrity": "sha512-IFMEWxWkx8ATeGtY56pnHXK40eJgfO9UeEsK/24Qzwyl5jA5Lhz6OoElaW3UG5LLupHmLoRuLyuG1WNg2olC3A==",
      "requires": {
        "@ethersproject/logger": ">=5.0.0-beta.129"
      }
    },
    "@ethersproject/providers": {
      "version": "5.0.0-beta.164",
      "resolved": "https://registry.npmjs.org/@ethersproject/providers/-/providers-5.0.0-beta.164.tgz",
      "integrity": "sha512-c8pu+eYROr88dfDuW9aImESq2nHupzE5fFERHwLMQnl5eW20iEy37/1CEIRhjhBsHtRA/JpFPSRKPr4o1RcF4Q==",
      "requires": {
        "@ethersproject/abstract-provider": ">=5.0.0-beta.131",
        "@ethersproject/abstract-signer": ">=5.0.0-beta.132",
        "@ethersproject/address": ">=5.0.0-beta.128",
        "@ethersproject/bignumber": ">=5.0.0-beta.130",
        "@ethersproject/bytes": ">=5.0.0-beta.129",
        "@ethersproject/constants": ">=5.0.0-beta.128",
        "@ethersproject/hash": ">=5.0.0-beta.128",
        "@ethersproject/logger": ">=5.0.0-beta.129",
        "@ethersproject/networks": ">=5.0.0-beta.129",
        "@ethersproject/properties": ">=5.0.0-beta.131",
        "@ethersproject/random": ">=5.0.0-beta.128",
        "@ethersproject/rlp": ">=5.0.0-beta.126",
        "@ethersproject/strings": ">=5.0.0-beta.130",
        "@ethersproject/transactions": ">=5.0.0-beta.128",
        "@ethersproject/web": ">=5.0.0-beta.129",
        "ws": "7.2.3"
      }
    },
    "@ethersproject/random": {
      "version": "5.0.0-beta.135",
      "resolved": "https://registry.npmjs.org/@ethersproject/random/-/random-5.0.0-beta.135.tgz",
      "integrity": "sha512-wYboNR0L8eYCpwYT2PiOD7mwPMj26i94FyQmt4DONAsBrvLCrEYYFmY2uqUMBrb5E4DVoubh4ObevAYTjriYaQ==",
      "requires": {
        "@ethersproject/bytes": ">=5.0.0-beta.129",
        "@ethersproject/logger": ">=5.0.0-beta.129"
      }
    },
    "@ethersproject/rlp": {
      "version": "5.0.0-beta.132",
      "resolved": "https://registry.npmjs.org/@ethersproject/rlp/-/rlp-5.0.0-beta.132.tgz",
      "integrity": "sha512-P2oZkSMMazvMB0OaOM9GJnmLzHHSeCKqOp9bPAAY/rb65ICdtNjQMRYhOwinBFabrdV2z5TKWpwA9KIBkI0rTg==",
      "requires": {
        "@ethersproject/bytes": ">=5.0.0-beta.129",
        "@ethersproject/logger": ">=5.0.0-beta.129"
      }
    },
    "@ethersproject/sha2": {
      "version": "5.0.0-beta.136",
      "resolved": "https://registry.npmjs.org/@ethersproject/sha2/-/sha2-5.0.0-beta.136.tgz",
      "integrity": "sha512-MUxCjFhCPRSggkoQN5H1nbDlC5GpAJpvIWInTTqVP0bN/0vRZ8BuyoYi1Xb961xpSoYlZwJjK8e6/5j346f6Hw==",
      "requires": {
        "@ethersproject/bytes": ">=5.0.0-beta.129",
        "@ethersproject/logger": ">=5.0.0-beta.129",
        "hash.js": "1.1.3"
      },
      "dependencies": {
        "hash.js": {
          "version": "1.1.3",
          "resolved": "https://registry.npmjs.org/hash.js/-/hash.js-1.1.3.tgz",
          "integrity": "sha512-/UETyP0W22QILqS+6HowevwhEFJ3MBJnwTf75Qob9Wz9t0DPuisL8kW8YZMK62dHAKE1c1p+gY1TtOLY+USEHA==",
          "requires": {
            "inherits": "^2.0.3",
            "minimalistic-assert": "^1.0.0"
          }
        }
      }
    },
    "@ethersproject/signing-key": {
      "version": "5.0.0-beta.135",
      "resolved": "https://registry.npmjs.org/@ethersproject/signing-key/-/signing-key-5.0.0-beta.135.tgz",
      "integrity": "sha512-D4w5svi8F8eYs+LTuroKzOR8le6ZKtmH/mDmtuz15vz3XdOkLPGVne5mqqqLJd8APBnOEDtsAqmg7ZCrAk8Mag==",
      "requires": {
        "@ethersproject/bytes": ">=5.0.0-beta.129",
        "@ethersproject/logger": ">=5.0.0-beta.129",
        "@ethersproject/properties": ">=5.0.0-beta.131",
        "elliptic": "6.5.2"
      }
    },
    "@ethersproject/solidity": {
      "version": "5.0.0-beta.131",
      "resolved": "https://registry.npmjs.org/@ethersproject/solidity/-/solidity-5.0.0-beta.131.tgz",
      "integrity": "sha512-i5vuj2CXGMkVPo08bmElC2cvhjRDNRZZ8nzvx2WCi75Zh42xD0XNV77E9ZLYgS0WoZSiAi/F71nXSBnM7FAqJg==",
      "requires": {
        "@ethersproject/bignumber": ">=5.0.0-beta.130",
        "@ethersproject/bytes": ">=5.0.0-beta.129",
        "@ethersproject/keccak256": ">=5.0.0-beta.127",
        "@ethersproject/sha2": ">=5.0.0-beta.129",
        "@ethersproject/strings": ">=5.0.0-beta.130"
      }
    },
    "@ethersproject/strings": {
      "version": "5.0.0-beta.136",
      "resolved": "https://registry.npmjs.org/@ethersproject/strings/-/strings-5.0.0-beta.136.tgz",
      "integrity": "sha512-Hb9RvTrgGcOavHvtQZz+AuijB79BO3g1cfF2MeMfCU9ID4j3mbZv/olzDMS2pK9r4aERJpAS94AmlWzCgoY2LQ==",
      "requires": {
        "@ethersproject/bytes": ">=5.0.0-beta.129",
        "@ethersproject/constants": ">=5.0.0-beta.128",
        "@ethersproject/logger": ">=5.0.0-beta.129"
      }
    },
    "@ethersproject/transactions": {
      "version": "5.0.0-beta.135",
      "resolved": "https://registry.npmjs.org/@ethersproject/transactions/-/transactions-5.0.0-beta.135.tgz",
      "integrity": "sha512-QdXLrm+e4XyaC1QSFW+mfj4/g7/ia/OiAdOQxYcuUsbSHI5ijXFeF2JBzvMuP8pprIfhFkiCuxWI8oXiFGAdRA==",
      "requires": {
        "@ethersproject/address": ">=5.0.0-beta.128",
        "@ethersproject/bignumber": ">=5.0.0-beta.130",
        "@ethersproject/bytes": ">=5.0.0-beta.129",
        "@ethersproject/constants": ">=5.0.0-beta.128",
        "@ethersproject/keccak256": ">=5.0.0-beta.127",
        "@ethersproject/logger": ">=5.0.0-beta.129",
        "@ethersproject/properties": ">=5.0.0-beta.131",
        "@ethersproject/rlp": ">=5.0.0-beta.126",
        "@ethersproject/signing-key": ">=5.0.0-beta.129"
      }
    },
    "@ethersproject/units": {
      "version": "5.0.0-beta.132",
      "resolved": "https://registry.npmjs.org/@ethersproject/units/-/units-5.0.0-beta.132.tgz",
      "integrity": "sha512-3GZDup1uTydvqaP5wpwoRF36irp6kx/gd3buPG+aoGWLPCoPjyk76OiGoxNQKfEaynOdZ7zG2lM8WevlBDJ57g==",
      "requires": {
        "@ethersproject/bignumber": ">=5.0.0-beta.130",
        "@ethersproject/constants": ">=5.0.0-beta.128",
        "@ethersproject/logger": ">=5.0.0-beta.129"
      }
    },
    "@ethersproject/wallet": {
      "version": "5.0.0-beta.140",
      "resolved": "https://registry.npmjs.org/@ethersproject/wallet/-/wallet-5.0.0-beta.140.tgz",
      "integrity": "sha512-woVhEFsoTmOWf8AByKuP5XvQ/8gsmOSxvthEblgfyKyFh3wsO2cEV+6F0ITerj62reJ1MPof+RDUYaw0JCSCYA==",
      "requires": {
        "@ethersproject/abstract-provider": ">=5.0.0-beta.131",
        "@ethersproject/abstract-signer": ">=5.0.0-beta.132",
        "@ethersproject/address": ">=5.0.0-beta.128",
        "@ethersproject/bignumber": ">=5.0.0-beta.130",
        "@ethersproject/bytes": ">=5.0.0-beta.129",
        "@ethersproject/hash": ">=5.0.0-beta.128",
        "@ethersproject/hdnode": ">=5.0.0-beta.130",
        "@ethersproject/json-wallets": ">=5.0.0-beta.129",
        "@ethersproject/keccak256": ">=5.0.0-beta.127",
        "@ethersproject/logger": ">=5.0.0-beta.129",
        "@ethersproject/properties": ">=5.0.0-beta.131",
        "@ethersproject/random": ">=5.0.0-beta.128",
        "@ethersproject/signing-key": ">=5.0.0-beta.129",
        "@ethersproject/transactions": ">=5.0.0-beta.128",
        "@ethersproject/wordlists": ">=5.0.0-beta.128"
      }
    },
    "@ethersproject/web": {
      "version": "5.0.0-beta.137",
      "resolved": "https://registry.npmjs.org/@ethersproject/web/-/web-5.0.0-beta.137.tgz",
      "integrity": "sha512-A5pyWFSVjUHK/etvAkX3tOTMe6Vn1oOReFUCZ/wUzECJE4fLLLPs1e+MKkkcEKtJygeo8rc0sDuNj/EjN8U7+Q==",
      "requires": {
        "@ethersproject/base64": ">=5.0.0-beta.126",
        "@ethersproject/logger": ">=5.0.0-beta.129",
        "@ethersproject/properties": ">=5.0.0-beta.131",
        "@ethersproject/strings": ">=5.0.0-beta.130"
      }
    },
    "@ethersproject/wordlists": {
      "version": "5.0.0-beta.136",
      "resolved": "https://registry.npmjs.org/@ethersproject/wordlists/-/wordlists-5.0.0-beta.136.tgz",
      "integrity": "sha512-KBRUlUljdnQh2jGXZi6tvAU8rdUzsg5/ErWIcO2lhcMn7LKaLGhedmKHsHDwETWLzHWbsEK6728R9UHrTvaakw==",
      "requires": {
        "@ethersproject/bytes": ">=5.0.0-beta.129",
        "@ethersproject/hash": ">=5.0.0-beta.128",
        "@ethersproject/logger": ">=5.0.0-beta.129",
        "@ethersproject/properties": ">=5.0.0-beta.131",
        "@ethersproject/strings": ">=5.0.0-beta.130"
      }
    },
    "aes-js": {
      "version": "3.0.0",
      "resolved": "https://registry.npmjs.org/aes-js/-/aes-js-3.0.0.tgz",
      "integrity": "sha1-4h3xCtbCBTKVvLuNq0Cwnb6ofk0="
    },
    "base64-js": {
      "version": "1.3.1",
      "resolved": "https://registry.npmjs.org/base64-js/-/base64-js-1.3.1.tgz",
      "integrity": "sha512-mLQ4i2QO1ytvGWFWmcngKO//JXAQueZvwEKtjgQFM4jIK0kU+ytMfplL8j+n5mspOfjHwoAg+9yhb7BwAHm36g=="
    },
    "bn.js": {
      "version": "4.11.8",
      "resolved": "https://registry.npmjs.org/bn.js/-/bn.js-4.11.8.tgz",
      "integrity": "sha512-ItfYfPLkWHUjckQCk8xC+LwxgK8NYcXywGigJgSwOP8Y2iyWT4f2vsZnoOXTTbo+o5yXmIUJ4gn5538SO5S3gA=="
    },
    "brorand": {
      "version": "1.1.0",
      "resolved": "https://registry.npmjs.org/brorand/-/brorand-1.1.0.tgz",
      "integrity": "sha1-EsJe/kCkXjwyPrhnWgoM5XsiNx8="
    },
    "buffer": {
      "version": "5.6.0",
      "resolved": "https://registry.npmjs.org/buffer/-/buffer-5.6.0.tgz",
      "integrity": "sha512-/gDYp/UtU0eA1ys8bOs9J6a+E/KWIY+DZ+Q2WESNUA0jFRsJOc0SNUO6xJ5SGA1xueg3NL65W6s+NY5l9cunuw==",
      "requires": {
        "base64-js": "^1.0.2",
        "ieee754": "^1.1.4"
      }
    },
    "elliptic": {
      "version": "6.5.2",
      "resolved": "https://registry.npmjs.org/elliptic/-/elliptic-6.5.2.tgz",
      "integrity": "sha512-f4x70okzZbIQl/NSRLkI/+tteV/9WqL98zx+SQ69KbXxmVrmjwsNUPn/gYJJ0sHvEak24cZgHIPegRePAtA/xw==",
      "requires": {
        "bn.js": "^4.4.0",
        "brorand": "^1.0.1",
        "hash.js": "^1.0.0",
        "hmac-drbg": "^1.0.0",
        "inherits": "^2.0.1",
        "minimalistic-assert": "^1.0.0",
        "minimalistic-crypto-utils": "^1.0.0"
      }
    },
    "ethers": {
      "version": "5.0.0-beta.184",
      "resolved": "https://registry.npmjs.org/ethers/-/ethers-5.0.0-beta.184.tgz",
      "integrity": "sha512-Mty0RSwnGGAxHCMb57KGT4IzO29o2x+cMRYqJjEXM/UuTV1gwTgZnDlMdflkRoQ9Axpu4fcQFt04jPFEHydbSw==",
      "requires": {
        "@ethersproject/abi": ">=5.0.0-beta.137",
        "@ethersproject/abstract-provider": ">=5.0.0-beta.131",
        "@ethersproject/abstract-signer": ">=5.0.0-beta.132",
        "@ethersproject/address": ">=5.0.0-beta.128",
        "@ethersproject/base64": ">=5.0.0-beta.126",
        "@ethersproject/bignumber": ">=5.0.0-beta.130",
        "@ethersproject/bytes": ">=5.0.0-beta.129",
        "@ethersproject/constants": ">=5.0.0-beta.128",
        "@ethersproject/contracts": ">=5.0.0-beta.137",
        "@ethersproject/hash": ">=5.0.0-beta.128",
        "@ethersproject/hdnode": ">=5.0.0-beta.130",
        "@ethersproject/json-wallets": ">=5.0.0-beta.129",
        "@ethersproject/keccak256": ">=5.0.0-beta.127",
        "@ethersproject/logger": ">=5.0.0-beta.129",
        "@ethersproject/networks": ">=5.0.0-beta.129",
        "@ethersproject/pbkdf2": ">=5.0.0-beta.127",
        "@ethersproject/properties": ">=5.0.0-beta.131",
        "@ethersproject/providers": ">=5.0.0-beta.141",
        "@ethersproject/random": ">=5.0.0-beta.128",
        "@ethersproject/rlp": ">=5.0.0-beta.126",
        "@ethersproject/sha2": ">=5.0.0-beta.129",
        "@ethersproject/signing-key": ">=5.0.0-beta.129",
        "@ethersproject/solidity": ">=5.0.0-beta.126",
        "@ethersproject/strings": ">=5.0.0-beta.130",
        "@ethersproject/transactions": ">=5.0.0-beta.128",
        "@ethersproject/units": ">=5.0.0-beta.127",
        "@ethersproject/wallet": ">=5.0.0-beta.130",
        "@ethersproject/web": ">=5.0.0-beta.129",
        "@ethersproject/wordlists": ">=5.0.0-beta.128"
      }
    },
    "hash.js": {
      "version": "1.1.7",
      "resolved": "https://registry.npmjs.org/hash.js/-/hash.js-1.1.7.tgz",
      "integrity": "sha512-taOaskGt4z4SOANNseOviYDvjEJinIkRgmp7LbKP2YTTmVxWBl87s/uzK9r+44BclBSp2X7K1hqeNfz9JbBeXA==",
      "requires": {
        "inherits": "^2.0.3",
        "minimalistic-assert": "^1.0.1"
      }
    },
    "hmac-drbg": {
      "version": "1.0.1",
      "resolved": "https://registry.npmjs.org/hmac-drbg/-/hmac-drbg-1.0.1.tgz",
      "integrity": "sha1-0nRXAQJabHdabFRXk+1QL8DGSaE=",
      "requires": {
        "hash.js": "^1.0.3",
        "minimalistic-assert": "^1.0.0",
        "minimalistic-crypto-utils": "^1.0.1"
      }
    },
    "ieee754": {
      "version": "1.1.13",
      "resolved": "https://registry.npmjs.org/ieee754/-/ieee754-1.1.13.tgz",
      "integrity": "sha512-4vf7I2LYV/HaWerSo3XmlMkp5eZ83i+/CDluXi/IGTs/O1sejBNhTtnxzmRZfvOUqj7lZjqHkeTvpgSFDlWZTg=="
    },
    "inherits": {
      "version": "2.0.4",
      "resolved": "https://registry.npmjs.org/inherits/-/inherits-2.0.4.tgz",
      "integrity": "sha512-k/vGaX4/Yla3WzyMCvTQOXYeIHvqOKtnqBduzTHpzpQZzAskKMhZ2K+EnBiSM9zGSoIFeMpXKxa4dYeZIQqewQ=="
    },
    "js-sha3": {
      "version": "0.8.0",
      "resolved": "https://registry.npmjs.org/js-sha3/-/js-sha3-0.8.0.tgz",
      "integrity": "sha512-gF1cRrHhIzNfToc802P800N8PpXS+evLLXfsVpowqmAFR9uwbi89WvXg2QspOmXL8QL86J4T1EpFu+yUkwJY3Q=="
    },
    "minimalistic-assert": {
      "version": "1.0.1",
      "resolved": "https://registry.npmjs.org/minimalistic-assert/-/minimalistic-assert-1.0.1.tgz",
      "integrity": "sha512-UtJcAD4yEaGtjPezWuO9wC4nwUnVH/8/Im3yEHQP4b67cXlD/Qr9hdITCU1xDbSEXg2XKNaP8jsReV7vQd00/A=="
    },
    "minimalistic-crypto-utils": {
      "version": "1.0.1",
      "resolved": "https://registry.npmjs.org/minimalistic-crypto-utils/-/minimalistic-crypto-utils-1.0.1.tgz",
      "integrity": "sha1-9sAMHAsIIkblxNmd+4x8CDsrWCo="
    },
    "scrypt-js": {
      "version": "3.0.0",
      "resolved": "https://registry.npmjs.org/scrypt-js/-/scrypt-js-3.0.0.tgz",
      "integrity": "sha512-7CC7aufwukEvqdmllR0ny0QaSg0+S22xKXrXz3ZahaV6J+fgD2YAtrjtImuoDWog17/Ty9Q4HBmnXEXJ3JkfQA=="
    },
    "uuid": {
      "version": "2.0.1",
      "resolved": "https://registry.npmjs.org/uuid/-/uuid-2.0.1.tgz",
      "integrity": "sha1-wqMN7bPlNdcsz4LjQ5QaULqFM6w="
    },
    "ws": {
      "version": "7.2.3",
      "resolved": "https://registry.npmjs.org/ws/-/ws-7.2.3.tgz",
      "integrity": "sha512-HTDl9G9hbkNDk98naoR/cHDws7+EyYMOdL1BmjsZXRUjf7d+MficC4B7HLUPlSiho0vg+CWKrGIt/VJBd1xunQ=="
    }
  }
}
